
Microsoft Visual Studio Solution File, Format Version 12.00
# Visual Studio 15
Project("{FAE04EC0-301F-11D3-BF4B-00C04F79EFBC}") = "Unity.2D.Tilemap.Editor", "Unity.2D.Tilemap.Editor.csproj", "{74ECAE2C-4EFF-CECB-27FD-983AA282CD01}"
EndProject
Project("{FAE04EC0-301F-11D3-BF4B-00C04F79EFBC}") = "UnityEditor.UI", "UnityEditor.UI.csproj", "{53F74668-A090-D204-A0D7-536A3235D8A1}"
EndProject
Project("{FAE04EC0-301F-11D3-BF4B-00C04F79EFBC}") = "Unity.2D.Sprite.Editor", "Unity.2D.Sprite.Editor.csproj", "{B473C666-EA37-666D-8465-8F88DB47EC32}"
EndProject
Project("{FAE04EC0-301F-11D3-BF4B-00C04F79EFBC}") = "UnityEngine.UI", "UnityEngine.UI.csproj", "{1ACA3775-347C-BBD3-21C8-9456B5C9A66C}"
EndProject
Project("{FAE04EC0-301F-11D3-BF4B-00C04F79EFBC}") = "Assembly-CSharp", "Assembly-CSharp.csproj", "{9D8E24CE-1DBA-50E0-D7B6-87C60AFAC6E6}"
EndProject
Global
	GlobalSection(SolutionConfigurationPlatforms) = preSolution
		Debug|Any CPU = Debug|Any CPU
		Release|Any CPU = Release|Any CPU
	EndGlobalSection
	GlobalSection(ProjectConfigurationPlatforms) = postSolution
		{74ECAE2C-4EFF-CECB-27FD-983AA282CD01}.Debug|Any CPU.ActiveCfg = Debug|Any CPU
		{74ECAE2C-4EFF-CECB-27FD-983AA282CD01}.Debug|Any CPU.Build.0 = Debug|Any CPU
		{74ECAE2C-4EFF-CECB-27FD-983AA282CD01}.Release|Any CPU.ActiveCfg = Release|Any CPU
		{74ECAE2C-4EFF-CECB-27FD-983AA282CD01}.Release|Any CPU.Build.0 = Release|Any CPU
		{53F74668-A090-D204-A0D7-536A3235D8A1}.Debug|Any CPU.ActiveCfg = Debug|Any CPU
		{53F74668-A090-D204-A0D7-536A3235D8A1}.Debug|Any CPU.Build.0 = Debug|Any CPU
		{53F74668-A090-D204-A0D7-536A3235D8A1}.Release|Any CPU.ActiveCfg = Release|Any CPU
		{53F74668-A090-D204-A0D7-536A3235D8A1}.Release|Any CPU.Build.0 = Release|Any CPU
		{B473C666-EA37-666D-8465-8F88DB47EC32}.Debug|Any CPU.ActiveCfg = Debug|Any CPU
		{B473C666-EA37-666D-8465-8F88DB47EC32}.Debug|Any CPU.Build.0 = Debug|Any CPU
		{B473C666-EA37-666D-8465-8F88DB47EC32}.Release|Any CPU.ActiveCfg = Release|Any CPU
		{B473C666-EA37-666D-8465-8F88DB47EC32}.Release|Any CPU.Build.0 = Release|Any CPU
		{1ACA3775-347C-BBD3-21C8-9456B5C9A66C}.Debug|Any CPU.ActiveCfg = Debug|Any CPU
		{1ACA3775-347C-BBD3-21C8-9456B5C9A66C}.Debug|Any CPU.Build.0 = Debug|Any CPU
		{1ACA3775-347C-BBD3-21C8-9456B5C9A66C}.Release|Any CPU.ActiveCfg = Release|Any CPU
		{1ACA3775-347C-BBD3-21C8-9456B5C9A66C}.Release|Any CPU.Build.0 = Release|Any CPU
		{9D8E24CE-1DBA-50E0-D7B6-87C60AFAC6E6}.Debug|Any CPU.ActiveCfg = Debug|Any CPU
		{9D8E24CE-1DBA-50E0-D7B6-87C60AFAC6E6}.Debug|Any CPU.Build.0 = Debug|Any CPU
		{9D8E24CE-1DBA-50E0-D7B6-87C60AFAC6E6}.Release|Any CPU.ActiveCfg = Release|Any CPU
		{9D8E24CE-1DBA-50E0-D7B6-87C60AFAC6E6}.Release|Any CPU.Build.0 = Release|Any CPU
	EndGlobalSection
	GlobalSection(SolutionProperties) = preSolution
		HideSolutionNode = FALSE
	EndGlobalSection
EndGlobal
